
Microsoft Visual Studio Solution File, Format Version 12.00
# Visual Studio Version 17
VisualStudioVersion = 17.1.32328.378
MinimumVisualStudioVersion = 10.0.40219.1
Project("{FAE04EC0-301F-11D3-BF4B-00C04F79EFBC}") = "ClassPessoa", "ClassPessoa\ClassPessoa.csproj", "{9E020FA4-365C-4ACE-9A9B-3D3835A58439}"
EndProject
Global
	GlobalSection(SolutionConfigurationPlatforms) = preSolution
		Debug|Any CPU = Debug|Any CPU
		Release|Any CPU = Release|Any CPU
	EndGlobalSection
	GlobalSection(ProjectConfigurationPlatforms) = postSolution
		{9E020FA4-365C-4ACE-9A9B-3D3835A58439}.Debug|Any CPU.ActiveCfg = Debug|Any CPU
		{9E020FA4-365C-4ACE-9A9B-3D3835A58439}.Debug|Any CPU.Build.0 = Debug|Any CPU
		{9E020FA4-365C-4ACE-9A9B-3D3835A58439}.Release|Any CPU.ActiveCfg = Release|Any CPU
		{9E020FA4-365C-4ACE-9A9B-3D3835A58439}.Release|Any CPU.Build.0 = Release|Any CPU
	EndGlobalSection
	GlobalSection(SolutionProperties) = preSolution
		HideSolutionNode = FALSE
	EndGlobalSection
	GlobalSection(ExtensibilityGlobals) = postSolution
		SolutionGuid = {0F8A3FFF-F279-43C1-B063-7883BCC6A5CB}
	EndGlobalSection
EndGlobal
